
Microsoft Visual Studio Solution File, Format Version 12.00
# Visual Studio Version 16
VisualStudioVersion = 16.0.810.19
MinimumVisualStudioVersion = 10.0.40219.1
Project("{FAE04EC0-301F-11D3-BF4B-00C04F79EFBC}") = "sports.Android", "sports.Android\sports.Android.csproj", "{95BB1DBD-CA29-43BE-9246-A2875DC4DDDD}"
EndProject
Project("{FAE04EC0-301F-11D3-BF4B-00C04F79EFBC}") = "sports.iOS", "sports.iOS\sports.iOS.csproj", "{987CECC7-449C-4253-8000-8FF220B80B4B}"
EndProject
Project("{FAE04EC0-301F-11D3-BF4B-00C04F79EFBC}") = "sports", "sports\sports.csproj", "{A443579D-5BCD-4C2F-8D32-CCF677C2684A}"
EndProject
Global
	GlobalSection(SolutionConfigurationPlatforms) = preSolution
		Debug|Any CPU = Debug|Any CPU
		Release|Any CPU = Release|Any CPU
		Debug|iPhoneSimulator = Debug|iPhoneSimulator
		Release|iPhoneSimulator = Release|iPhoneSimulator
		Debug|iPhone = Debug|iPhone
		Release|iPhone = Release|iPhone
	EndGlobalSection
	GlobalSection(ProjectConfigurationPlatforms) = postSolution
		{95BB1DBD-CA29-43BE-9246-A2875DC4DDDD}.Debug|Any CPU.ActiveCfg = Debug|Any CPU
		{95BB1DBD-CA29-43BE-9246-A2875DC4DDDD}.Debug|Any CPU.Build.0 = Debug|Any CPU
		{95BB1DBD-CA29-43BE-9246-A2875DC4DDDD}.Release|Any CPU.ActiveCfg = Release|Any CPU
		{95BB1DBD-CA29-43BE-9246-A2875DC4DDDD}.Release|Any CPU.Build.0 = Release|Any CPU
		{95BB1DBD-CA29-43BE-9246-A2875DC4DDDD}.Debug|iPhoneSimulator.ActiveCfg = Debug|Any CPU
		{95BB1DBD-CA29-43BE-9246-A2875DC4DDDD}.Debug|iPhoneSimulator.Build.0 = Debug|Any CPU
		{95BB1DBD-CA29-43BE-9246-A2875DC4DDDD}.Release|iPhoneSimulator.ActiveCfg = Release|Any CPU
		{95BB1DBD-CA29-43BE-9246-A2875DC4DDDD}.Release|iPhoneSimulator.Build.0 = Release|Any CPU
		{95BB1DBD-CA29-43BE-9246-A2875DC4DDDD}.Debug|iPhone.ActiveCfg = Debug|Any CPU
		{95BB1DBD-CA29-43BE-9246-A2875DC4DDDD}.Debug|iPhone.Build.0 = Debug|Any CPU
		{95BB1DBD-CA29-43BE-9246-A2875DC4DDDD}.Release|iPhone.ActiveCfg = Release|Any CPU
		{95BB1DBD-CA29-43BE-9246-A2875DC4DDDD}.Release|iPhone.Build.0 = Release|Any CPU
		{987CECC7-449C-4253-8000-8FF220B80B4B}.Debug|Any CPU.ActiveCfg = Debug|iPhoneSimulator
		{987CECC7-449C-4253-8000-8FF220B80B4B}.Debug|Any CPU.Build.0 = Debug|iPhoneSimulator
		{987CECC7-449C-4253-8000-8FF220B80B4B}.Release|Any CPU.ActiveCfg = Release|iPhoneSimulator
		{987CECC7-449C-4253-8000-8FF220B80B4B}.Release|Any CPU.Build.0 = Release|iPhoneSimulator
		{987CECC7-449C-4253-8000-8FF220B80B4B}.Debug|iPhoneSimulator.ActiveCfg = Debug|iPhoneSimulator
		{987CECC7-449C-4253-8000-8FF220B80B4B}.Debug|iPhoneSimulator.Build.0 = Debug|iPhoneSimulator
		{987CECC7-449C-4253-8000-8FF220B80B4B}.Release|iPhoneSimulator.ActiveCfg = Release|iPhoneSimulator
		{987CECC7-449C-4253-8000-8FF220B80B4B}.Release|iPhoneSimulator.Build.0 = Release|iPhoneSimulator
		{987CECC7-449C-4253-8000-8FF220B80B4B}.Debug|iPhone.ActiveCfg = Debug|iPhone
		{987CECC7-449C-4253-8000-8FF220B80B4B}.Debug|iPhone.Build.0 = Debug|iPhone
		{987CECC7-449C-4253-8000-8FF220B80B4B}.Release|iPhone.ActiveCfg = Release|iPhone
		{987CECC7-449C-4253-8000-8FF220B80B4B}.Release|iPhone.Build.0 = Release|iPhone
		{A443579D-5BCD-4C2F-8D32-CCF677C2684A}.Debug|Any CPU.ActiveCfg = Debug|Any CPU
		{A443579D-5BCD-4C2F-8D32-CCF677C2684A}.Debug|Any CPU.Build.0 = Debug|Any CPU
		{A443579D-5BCD-4C2F-8D32-CCF677C2684A}.Release|Any CPU.ActiveCfg = Release|Any CPU
		{A443579D-5BCD-4C2F-8D32-CCF677C2684A}.Release|Any CPU.Build.0 = Release|Any CPU
		{A443579D-5BCD-4C2F-8D32-CCF677C2684A}.Debug|iPhoneSimulator.ActiveCfg = Debug|Any CPU
		{A443579D-5BCD-4C2F-8D32-CCF677C2684A}.Debug|iPhoneSimulator.Build.0 = Debug|Any CPU
		{A443579D-5BCD-4C2F-8D32-CCF677C2684A}.Release|iPhoneSimulator.ActiveCfg = Release|Any CPU
		{A443579D-5BCD-4C2F-8D32-CCF677C2684A}.Release|iPhoneSimulator.Build.0 = Release|Any CPU
		{A443579D-5BCD-4C2F-8D32-CCF677C2684A}.Debug|iPhone.ActiveCfg = Debug|Any CPU
		{A443579D-5BCD-4C2F-8D32-CCF677C2684A}.Debug|iPhone.Build.0 = Debug|Any CPU
		{A443579D-5BCD-4C2F-8D32-CCF677C2684A}.Release|iPhone.ActiveCfg = Release|Any CPU
		{A443579D-5BCD-4C2F-8D32-CCF677C2684A}.Release|iPhone.Build.0 = Release|Any CPU
	EndGlobalSection
	GlobalSection(SolutionProperties) = preSolution
		HideSolutionNode = FALSE
	EndGlobalSection
	GlobalSection(ExtensibilityGlobals) = postSolution
		SolutionGuid = {01F5A7F9-657D-4F54-9BE1-4F72CB4A7E85}
	EndGlobalSection
EndGlobal
